
Microsoft Visual Studio Solution File, Format Version 12.00
# Visual Studio Version 17
VisualStudioVersion = 17.5.33516.290
MinimumVisualStudioVersion = 10.0.40219.1
Project("{FAE04EC0-301F-11D3-BF4B-00C04F79EFBC}") = "InteractiveFictionTestApplication", "InteractiveFictionEngine\InteractiveFictionTestApplication.csproj", "{F3FDF268-013C-43A3-82EB-175C27F4B770}"
EndProject
Project("{FAE04EC0-301F-11D3-BF4B-00C04F79EFBC}") = "IFEngine", "IFEngine\IFEngine.csproj", "{11FB7CBD-B65A-4329-962B-1CAF673C8EB7}"
EndProject
Global
	GlobalSection(SolutionConfigurationPlatforms) = preSolution
		Debug|Any CPU = Debug|Any CPU
		Release|Any CPU = Release|Any CPU
	EndGlobalSection
	GlobalSection(ProjectConfigurationPlatforms) = postSolution
		{F3FDF268-013C-43A3-82EB-175C27F4B770}.Debug|Any CPU.ActiveCfg = Debug|Any CPU
		{F3FDF268-013C-43A3-82EB-175C27F4B770}.Debug|Any CPU.Build.0 = Debug|Any CPU
		{F3FDF268-013C-43A3-82EB-175C27F4B770}.Release|Any CPU.ActiveCfg = Release|Any CPU
		{F3FDF268-013C-43A3-82EB-175C27F4B770}.Release|Any CPU.Build.0 = Release|Any CPU
		{11FB7CBD-B65A-4329-962B-1CAF673C8EB7}.Debug|Any CPU.ActiveCfg = Debug|Any CPU
		{11FB7CBD-B65A-4329-962B-1CAF673C8EB7}.Debug|Any CPU.Build.0 = Debug|Any CPU
		{11FB7CBD-B65A-4329-962B-1CAF673C8EB7}.Release|Any CPU.ActiveCfg = Release|Any CPU
		{11FB7CBD-B65A-4329-962B-1CAF673C8EB7}.Release|Any CPU.Build.0 = Release|Any CPU
	EndGlobalSection
	GlobalSection(SolutionProperties) = preSolution
		HideSolutionNode = FALSE
	EndGlobalSection
	GlobalSection(ExtensibilityGlobals) = postSolution
		SolutionGuid = {EF1BCC95-8365-4E3B-B406-EADDA72D6514}
	EndGlobalSection
EndGlobal
